
Microsoft Visual Studio Solution File, Format Version 12.00
# Visual Studio Version 17
VisualStudioVersion = 17.14.36221.1
MinimumVisualStudioVersion = 10.0.40219.1
Project("{FAE04EC0-301F-11D3-BF4B-00C04F79EFBC}") = "Fitness-App.Server", "my-fitness-app.Server\Fitness-App.Server.csproj", "{A1984B97-41AC-45DA-883B-606FC69ACF3D}"
EndProject
Global
	GlobalSection(SolutionConfigurationPlatforms) = preSolution
		Debug|Any CPU = Debug|Any CPU
		Release|Any CPU = Release|Any CPU
	EndGlobalSection
	GlobalSection(ProjectConfigurationPlatforms) = postSolution
		{A1984B97-41AC-45DA-883B-606FC69ACF3D}.Debug|Any CPU.ActiveCfg = Debug|Any CPU
		{A1984B97-41AC-45DA-883B-606FC69ACF3D}.Debug|Any CPU.Build.0 = Debug|Any CPU
		{A1984B97-41AC-45DA-883B-606FC69ACF3D}.Release|Any CPU.ActiveCfg = Release|Any CPU
		{A1984B97-41AC-45DA-883B-606FC69ACF3D}.Release|Any CPU.Build.0 = Release|Any CPU
	EndGlobalSection
	GlobalSection(SolutionProperties) = preSolution
		HideSolutionNode = FALSE
	EndGlobalSection
	GlobalSection(ExtensibilityGlobals) = postSolution
		SolutionGuid = {E9D3BEF0-AC80-47AC-B55E-71FD25C90B66}
	EndGlobalSection
EndGlobal
